# This file is autogenerated, do not edit; changes may be undone by the next 'dep ensure'.


[[projects]]
  digest = "1:9a84e7771c0e0a3d7c27efed31f78bd7f521136e36f853a5802bff96ea4e6c7c"
  name = "github.com/aws/aws-sdk-go"
  packages = [
    "aws",
    "aws/awserr",
    "aws/awsutil",
    "aws/client",
    "aws/client/metadata",
    "aws/corehandlers",
    "aws/credentials",
    "aws/credentials/ec2rolecreds",
    "aws/credentials/endpointcreds",
    "aws/credentials/processcreds",
    "aws/credentials/stscreds",
    "aws/csm",
    "aws/defaults",
    "aws/ec2metadata",
    "aws/endpoints",
    "aws/request",
    "aws/session",
    "aws/signer/v4",
    "internal/ini",
    "internal/s3err",
    "internal/sdkio",
    "internal/sdkmath",
    "internal/sdkrand",
    "internal/sdkuri",
    "internal/shareddefaults",
    "private/protocol",
    "private/protocol/eventstream",
    "private/protocol/eventstream/eventstreamapi",
    "private/protocol/json/jsonutil",
    "private/protocol/query",
    "private/protocol/query/queryutil",
    "private/protocol/rest",
    "private/protocol/restxml",
    "private/protocol/xml/xmlutil",
    "service/s3",
    "service/sts",
    "service/sts/stsiface",
  ]
  pruneopts = "UT"
  revision = "cf5210b77b6f9d40c4c34a0bc793f3bdbe4bc877"
  version = "v1.23.17"

[[projects]]
  branch = "master"
  digest = "1:e82e544b2b915d2a6f7aa3f9241bdf1aab3f2d5d31f693a019ce3d9a0d913506"
  name = "github.com/btubbs/envcfg"
  packages = ["."]
  pruneopts = "UT"
  revision = "1424bc4272bde26670f0cf69e7dac6675170cf98"

[[projects]]
  digest = "1:ffe9824d294da03b391f44e1ae8281281b4afc1bdaa9588c9097785e3af10cec"
  name = "github.com/davecgh/go-spew"
  packages = ["spew"]
  pruneopts = "UT"
  revision = "8991bc29aa16c548c550c7ff78260e27b9ab7c73"
  version = "v1.1.1"

[[projects]]
  digest = "1:0ade334594e69404d80d9d323445d2297ff8161637f9b2d347cc6973d2d6f05b"
  name = "github.com/hashicorp/errwrap"
  packages = ["."]
  pruneopts = "UT"
  revision = "8a6fb523712970c966eefc6b39ed2c5e74880354"
  version = "v1.0.0"

[[projects]]
  digest = "1:f668349b83f7d779567c880550534addeca7ebadfdcf44b0b9c39be61864b4b7"
  name = "github.com/hashicorp/go-multierror"
  packages = ["."]
  pruneopts = "UT"
  revision = "886a7fbe3eb1c874d46f623bfa70af45f425b3d1"
  version = "v1.0.0"

[[projects]]
  digest = "1:bb81097a5b62634f3e9fec1014657855610c82d19b9a40c17612e32651e35dca"
  name = "github.com/jmespath/go-jmespath"
  packages = ["."]
  pruneopts = "UT"
  revision = "c2b33e84"

[[projects]]
  branch = "master"
  digest = "1:8b9dd55e52aa405272f6ac5e8a7c32fb279c45fba2d3c4e53c4ba17448adad74"
  name = "github.com/johannesboyne/gofakes3"
  packages = [
    ".",
    "backend/s3mem",
    "internal/goskipiter",
    "internal/s3io",
  ]
  pruneopts = "UT"
  revision = "96fabbd7f68a9b557d84c041015fc41e31b494ed"

[[projects]]
  digest = "1:0028cb19b2e4c3112225cd871870f2d9cf49b9b4276531f03438a88e94be86fe"
  name = "github.com/pmezard/go-difflib"
  packages = ["difflib"]
  pruneopts = "UT"
  revision = "792786c7400a136282c1664665ae0a8db921c6c2"
  version = "v1.0.0"

[[projects]]
  branch = "master"
  digest = "1:8bc4ea931d51467ab9dd8c1fb6213625e7ac1de24a4883e992a1b0b713a8d1eb"
  name = "github.com/ryszard/goskiplist"
  packages = ["skiplist"]
  pruneopts = "UT"
  revision = "2dfbae5fcf46374f166f8969cb07e167f1be6273"

[[projects]]
  branch = "master"
  digest = "1:36463820ab546ac9d2a95d2fd6d96162fdd6a956b8f4b11eedbe2e0e06ff0948"
  name = "github.com/shabbyrobe/gocovmerge"
  packages = ["."]
  pruneopts = "UT"
  revision = "3e036491d500ffc86c35e2cbe2e9c92f84183f7c"

[[projects]]
  digest = "1:8548c309c65a85933a625be5e7d52b6ac927ca30c56869fae58123b8a77a75e1"
  name = "github.com/stretchr/testify"
  packages = ["assert"]
  pruneopts = "UT"
  revision = "221dbe5ed46703ee255b1da0dec05086f5035f62"
  version = "v1.4.0"

[[projects]]
  branch = "master"
  digest = "1:f3cab58c41e066ff8423ba97575a6c2c04793f93dee2b85ead7f9c99fbdc2934"
  name = "golang.org/x/tools"
  packages = ["cover"]
  pruneopts = "UT"
  revision = "73ad5c96a1f6494c2daecada714d53ac8d51a5d3"

[[projects]]
  digest = "1:4d2e5a73dc1500038e504a8d78b986630e3626dc027bc030ba5c75da257cdb96"
  name = "gopkg.in/yaml.v2"
  packages = ["."]
  pruneopts = "UT"
  revision = "51d6538a90f86fe93ac480b35f37b2be17fef232"
  version = "v2.2.2"

[solve-meta]
  analyzer-name = "dep"
  analyzer-version = 1
  input-imports = [
    "github.com/aws/aws-sdk-go/aws",
    "github.com/aws/aws-sdk-go/aws/credentials",
    "github.com/aws/aws-sdk-go/aws/session",
    "github.com/aws/aws-sdk-go/service/s3",
    "github.com/btubbs/envcfg",
    "github.com/johannesboyne/gofakes3",
    "github.com/johannesboyne/gofakes3/backend/s3mem",
    "github.com/stretchr/testify/assert",
  ]
  solver-name = "gps-cdcl"
  solver-version = 1
